
Microsoft Visual Studio Solution File, Format Version 12.00
# Visual Studio Version 16
VisualStudioVersion = 16.0.30804.86
MinimumVisualStudioVersion = 10.0.40219.1
Project("{FAE04EC0-301F-11D3-BF4B-00C04F79EFBC}") = "World_clock_model_3", "World_clock_model_3\World_clock_model_3.csproj", "{33947B66-11C2-4664-A896-60FE678CE439}"
EndProject
Global
	GlobalSection(SolutionConfigurationPlatforms) = preSolution
		Debug|Any CPU = Debug|Any CPU
		Release|Any CPU = Release|Any CPU
	EndGlobalSection
	GlobalSection(ProjectConfigurationPlatforms) = postSolution
		{33947B66-11C2-4664-A896-60FE678CE439}.Debug|Any CPU.ActiveCfg = Debug|Any CPU
		{33947B66-11C2-4664-A896-60FE678CE439}.Debug|Any CPU.Build.0 = Debug|Any CPU
		{33947B66-11C2-4664-A896-60FE678CE439}.Release|Any CPU.ActiveCfg = Release|Any CPU
		{33947B66-11C2-4664-A896-60FE678CE439}.Release|Any CPU.Build.0 = Release|Any CPU
	EndGlobalSection
	GlobalSection(SolutionProperties) = preSolution
		HideSolutionNode = FALSE
	EndGlobalSection
	GlobalSection(ExtensibilityGlobals) = postSolution
		SolutionGuid = {A51CDB14-A006-450C-975C-5BA1CBB7FEC1}
	EndGlobalSection
EndGlobal
